
Microsoft Visual Studio Solution File, Format Version 12.00
# Visual Studio Version 16
VisualStudioVersion = 16.0.32413.511
MinimumVisualStudioVersion = 10.0.40219.1
Project("{FAE04EC0-301F-11D3-BF4B-00C04F79EFBC}") = "UserMaintenance", "UserMaintenance\UserMaintenance.csproj", "{8C6F708E-6A7A-43C5-8F45-6C4DD10DEB20}"
EndProject
Global
	GlobalSection(SolutionConfigurationPlatforms) = preSolution
		Debug|Any CPU = Debug|Any CPU
		Release|Any CPU = Release|Any CPU
	EndGlobalSection
	GlobalSection(ProjectConfigurationPlatforms) = postSolution
		{8C6F708E-6A7A-43C5-8F45-6C4DD10DEB20}.Debug|Any CPU.ActiveCfg = Debug|Any CPU
		{8C6F708E-6A7A-43C5-8F45-6C4DD10DEB20}.Debug|Any CPU.Build.0 = Debug|Any CPU
		{8C6F708E-6A7A-43C5-8F45-6C4DD10DEB20}.Release|Any CPU.ActiveCfg = Release|Any CPU
		{8C6F708E-6A7A-43C5-8F45-6C4DD10DEB20}.Release|Any CPU.Build.0 = Release|Any CPU
	EndGlobalSection
	GlobalSection(SolutionProperties) = preSolution
		HideSolutionNode = FALSE
	EndGlobalSection
	GlobalSection(ExtensibilityGlobals) = postSolution
		SolutionGuid = {0AD93B38-6A69-48BA-9248-8A6BC101FC01}
	EndGlobalSection
EndGlobal
